
Microsoft Visual Studio Solution File, Format Version 12.00
# Visual Studio 15
VisualStudioVersion = 15.0.26430.16
MinimumVisualStudioVersion = 10.0.40219.1
Project("{FAE04EC0-301F-11D3-BF4B-00C04F79EFBC}") = "Fluxx.Android", "Fluxx\Fluxx.Android\Fluxx.Android.csproj", "{41D30E14-2902-45DD-BA3B-9EB1722F25BC}"
EndProject
Project("{FAE04EC0-301F-11D3-BF4B-00C04F79EFBC}") = "Fluxx", "Fluxx\Fluxx\Fluxx.csproj", "{DBEAA4B7-0775-4775-AD84-42163032A7EF}"
EndProject
Project("{FAE04EC0-301F-11D3-BF4B-00C04F79EFBC}") = "Fluxx.UWP", "Fluxx\Fluxx.UWP\Fluxx.UWP.csproj", "{F0D10771-314C-44A5-9B56-F2DA170C67A1}"
EndProject
Project("{FAE04EC0-301F-11D3-BF4B-00C04F79EFBC}") = "Fluxx.iOS", "Fluxx\Fluxx.iOS\Fluxx.iOS.csproj", "{C034E76D-7E49-485E-BCA8-30BD0107C031}"
EndProject
Global
	GlobalSection(SolutionConfigurationPlatforms) = preSolution
		Ad-Hoc|Any CPU = Ad-Hoc|Any CPU
		Ad-Hoc|ARM = Ad-Hoc|ARM
		Ad-Hoc|iPhone = Ad-Hoc|iPhone
		Ad-Hoc|iPhoneSimulator = Ad-Hoc|iPhoneSimulator
		Ad-Hoc|x64 = Ad-Hoc|x64
		Ad-Hoc|x86 = Ad-Hoc|x86
		AppStore|Any CPU = AppStore|Any CPU
		AppStore|ARM = AppStore|ARM
		AppStore|iPhone = AppStore|iPhone
		AppStore|iPhoneSimulator = AppStore|iPhoneSimulator
		AppStore|x64 = AppStore|x64
		AppStore|x86 = AppStore|x86
		Debug|Any CPU = Debug|Any CPU
		Debug|ARM = Debug|ARM
		Debug|iPhone = Debug|iPhone
		Debug|iPhoneSimulator = Debug|iPhoneSimulator
		Debug|x64 = Debug|x64
		Debug|x86 = Debug|x86
		Release|Any CPU = Release|Any CPU
		Release|ARM = Release|ARM
		Release|iPhone = Release|iPhone
		Release|iPhoneSimulator = Release|iPhoneSimulator
		Release|x64 = Release|x64
		Release|x86 = Release|x86
	EndGlobalSection
	GlobalSection(ProjectConfigurationPlatforms) = postSolution
		{41D30E14-2902-45DD-BA3B-9EB1722F25BC}.Ad-Hoc|Any CPU.ActiveCfg = Release|Any CPU
		{41D30E14-2902-45DD-BA3B-9EB1722F25BC}.Ad-Hoc|Any CPU.Build.0 = Release|Any CPU
		{41D30E14-2902-45DD-BA3B-9EB1722F25BC}.Ad-Hoc|Any CPU.Deploy.0 = Release|Any CPU
		{41D30E14-2902-45DD-BA3B-9EB1722F25BC}.Ad-Hoc|ARM.ActiveCfg = Release|Any CPU
		{41D30E14-2902-45DD-BA3B-9EB1722F25BC}.Ad-Hoc|ARM.Build.0 = Release|Any CPU
		{41D30E14-2902-45DD-BA3B-9EB1722F25BC}.Ad-Hoc|ARM.Deploy.0 = Release|Any CPU
		{41D30E14-2902-45DD-BA3B-9EB1722F25BC}.Ad-Hoc|iPhone.ActiveCfg = Release|Any CPU
		{41D30E14-2902-45DD-BA3B-9EB1722F25BC}.Ad-Hoc|iPhone.Build.0 = Release|Any CPU
		{41D30E14-2902-45DD-BA3B-9EB1722F25BC}.Ad-Hoc|iPhone.Deploy.0 = Release|Any CPU
		{41D30E14-2902-45DD-BA3B-9EB1722F25BC}.Ad-Hoc|iPhoneSimulator.ActiveCfg = Release|Any CPU
		{41D30E14-2902-45DD-BA3B-9EB1722F25BC}.Ad-Hoc|iPhoneSimulator.Build.0 = Release|Any CPU
		{41D30E14-2902-45DD-BA3B-9EB1722F25BC}.Ad-Hoc|iPhoneSimulator.Deploy.0 = Release|Any CPU
		{41D30E14-2902-45DD-BA3B-9EB1722F25BC}.Ad-Hoc|x64.ActiveCfg = Release|Any CPU
		{41D30E14-2902-45DD-BA3B-9EB1722F25BC}.Ad-Hoc|x64.Build.0 = Release|Any CPU
		{41D30E14-2902-45DD-BA3B-9EB1722F25BC}.Ad-Hoc|x64.Deploy.0 = Release|Any CPU
		{41D30E14-2902-45DD-BA3B-9EB1722F25BC}.Ad-Hoc|x86.ActiveCfg = Release|Any CPU
		{41D30E14-2902-45DD-BA3B-9EB1722F25BC}.Ad-Hoc|x86.Build.0 = Release|Any CPU
		{41D30E14-2902-45DD-BA3B-9EB1722F25BC}.Ad-Hoc|x86.Deploy.0 = Release|Any CPU
		{41D30E14-2902-45DD-BA3B-9EB1722F25BC}.AppStore|Any CPU.ActiveCfg = Release|Any CPU
		{41D30E14-2902-45DD-BA3B-9EB1722F25BC}.AppStore|Any CPU.Build.0 = Release|Any CPU
		{41D30E14-2902-45DD-BA3B-9EB1722F25BC}.AppStore|Any CPU.Deploy.0 = Release|Any CPU
		{41D30E14-2902-45DD-BA3B-9EB1722F25BC}.AppStore|ARM.ActiveCfg = Release|Any CPU
		{41D30E14-2902-45DD-BA3B-9EB1722F25BC}.AppStore|ARM.Build.0 = Release|Any CPU
		{41D30E14-2902-45DD-BA3B-9EB1722F25BC}.AppStore|ARM.Deploy.0 = Release|Any CPU
		{41D30E14-2902-45DD-BA3B-9EB1722F25BC}.AppStore|iPhone.ActiveCfg = Release|Any CPU
		{41D30E14-2902-45DD-BA3B-9EB1722F25BC}.AppStore|iPhone.Build.0 = Release|Any CPU
		{41D30E14-2902-45DD-BA3B-9EB1722F25BC}.AppStore|iPhone.Deploy.0 = Release|Any CPU
		{41D30E14-2902-45DD-BA3B-9EB1722F25BC}.AppStore|iPhoneSimulator.ActiveCfg = Release|Any CPU
		{41D30E14-2902-45DD-BA3B-9EB1722F25BC}.AppStore|iPhoneSimulator.Build.0 = Release|Any CPU
		{41D30E14-2902-45DD-BA3B-9EB1722F25BC}.AppStore|iPhoneSimulator.Deploy.0 = Release|Any CPU
		{41D30E14-2902-45DD-BA3B-9EB1722F25BC}.AppStore|x64.ActiveCfg = Release|Any CPU
		{41D30E14-2902-45DD-BA3B-9EB1722F25BC}.AppStore|x64.Build.0 = Release|Any CPU
		{41D30E14-2902-45DD-BA3B-9EB1722F25BC}.AppStore|x64.Deploy.0 = Release|Any CPU
		{41D30E14-2902-45DD-BA3B-9EB1722F25BC}.AppStore|x86.ActiveCfg = Release|Any CPU
		{41D30E14-2902-45DD-BA3B-9EB1722F25BC}.AppStore|x86.Build.0 = Release|Any CPU
		{41D30E14-2902-45DD-BA3B-9EB1722F25BC}.AppStore|x86.Deploy.0 = Release|Any CPU
		{41D30E14-2902-45DD-BA3B-9EB1722F25BC}.Debug|Any CPU.ActiveCfg = Debug|Any CPU
		{41D30E14-2902-45DD-BA3B-9EB1722F25BC}.Debug|Any CPU.Build.0 = Debug|Any CPU
		{41D30E14-2902-45DD-BA3B-9EB1722F25BC}.Debug|Any CPU.Deploy.0 = Debug|Any CPU
		{41D30E14-2902-45DD-BA3B-9EB1722F25BC}.Debug|ARM.ActiveCfg = Debug|Any CPU
		{41D30E14-2902-45DD-BA3B-9EB1722F25BC}.Debug|ARM.Build.0 = Debug|Any CPU
		{41D30E14-2902-45DD-BA3B-9EB1722F25BC}.Debug|ARM.Deploy.0 = Debug|Any CPU
		{41D30E14-2902-45DD-BA3B-9EB1722F25BC}.Debug|iPhone.ActiveCfg = Debug|Any CPU
		{41D30E14-2902-45DD-BA3B-9EB1722F25BC}.Debug|iPhone.Build.0 = Debug|Any CPU
		{41D30E14-2902-45DD-BA3B-9EB1722F25BC}.Debug|iPhone.Deploy.0 = Debug|Any CPU
		{41D30E14-2902-45DD-BA3B-9EB1722F25BC}.Debug|iPhoneSimulator.ActiveCfg = Debug|Any CPU
		{41D30E14-2902-45DD-BA3B-9EB1722F25BC}.Debug|iPhoneSimulator.Build.0 = Debug|Any CPU
		{41D30E14-2902-45DD-BA3B-9EB1722F25BC}.Debug|iPhoneSimulator.Deploy.0 = Debug|Any CPU
		{41D30E14-2902-45DD-BA3B-9EB1722F25BC}.Debug|x64.ActiveCfg = Debug|Any CPU
		{41D30E14-2902-45DD-BA3B-9EB1722F25BC}.Debug|x64.Build.0 = Debug|Any CPU
		{41D30E14-2902-45DD-BA3B-9EB1722F25BC}.Debug|x64.Deploy.0 = Debug|Any CPU
		{41D30E14-2902-45DD-BA3B-9EB1722F25BC}.Debug|x86.ActiveCfg = Debug|Any CPU
		{41D30E14-2902-45DD-BA3B-9EB1722F25BC}.Debug|x86.Build.0 = Debug|Any CPU
		{41D30E14-2902-45DD-BA3B-9EB1722F25BC}.Debug|x86.Deploy.0 = Debug|Any CPU
		{41D30E14-2902-45DD-BA3B-9EB1722F25BC}.Release|Any CPU.ActiveCfg = Release|Any CPU
		{41D30E14-2902-45DD-BA3B-9EB1722F25BC}.Release|Any CPU.Build.0 = Release|Any CPU
		{41D30E14-2902-45DD-BA3B-9EB1722F25BC}.Release|Any CPU.Deploy.0 = Release|Any CPU
		{41D30E14-2902-45DD-BA3B-9EB1722F25BC}.Release|ARM.ActiveCfg = Release|Any CPU
		{41D30E14-2902-45DD-BA3B-9EB1722F25BC}.Release|ARM.Build.0 = Release|Any CPU
		{41D30E14-2902-45DD-BA3B-9EB1722F25BC}.Release|ARM.Deploy.0 = Release|Any CPU
		{41D30E14-2902-45DD-BA3B-9EB1722F25BC}.Release|iPhone.ActiveCfg = Release|Any CPU
		{41D30E14-2902-45DD-BA3B-9EB1722F25BC}.Release|iPhone.Build.0 = Release|Any CPU
		{41D30E14-2902-45DD-BA3B-9EB1722F25BC}.Release|iPhone.Deploy.0 = Release|Any CPU
		{41D30E14-2902-45DD-BA3B-9EB1722F25BC}.Release|iPhoneSimulator.ActiveCfg = Release|Any CPU
		{41D30E14-2902-45DD-BA3B-9EB1722F25BC}.Release|iPhoneSimulator.Build.0 = Release|Any CPU
		{41D30E14-2902-45DD-BA3B-9EB1722F25BC}.Release|iPhoneSimulator.Deploy.0 = Release|Any CPU
		{41D30E14-2902-45DD-BA3B-9EB1722F25BC}.Release|x64.ActiveCfg = Release|Any CPU
		{41D30E14-2902-45DD-BA3B-9EB1722F25BC}.Release|x64.Build.0 = Release|Any CPU
		{41D30E14-2902-45DD-BA3B-9EB1722F25BC}.Release|x64.Deploy.0 = Release|Any CPU
		{41D30E14-2902-45DD-BA3B-9EB1722F25BC}.Release|x86.ActiveCfg = Release|Any CPU
		{41D30E14-2902-45DD-BA3B-9EB1722F25BC}.Release|x86.Build.0 = Release|Any CPU
		{41D30E14-2902-45DD-BA3B-9EB1722F25BC}.Release|x86.Deploy.0 = Release|Any CPU
		{DBEAA4B7-0775-4775-AD84-42163032A7EF}.Ad-Hoc|Any CPU.ActiveCfg = Release|Any CPU
		{DBEAA4B7-0775-4775-AD84-42163032A7EF}.Ad-Hoc|Any CPU.Build.0 = Release|Any CPU
		{DBEAA4B7-0775-4775-AD84-42163032A7EF}.Ad-Hoc|ARM.ActiveCfg = Release|Any CPU
		{DBEAA4B7-0775-4775-AD84-42163032A7EF}.Ad-Hoc|ARM.Build.0 = Release|Any CPU
		{DBEAA4B7-0775-4775-AD84-42163032A7EF}.Ad-Hoc|iPhone.ActiveCfg = Release|Any CPU
		{DBEAA4B7-0775-4775-AD84-42163032A7EF}.Ad-Hoc|iPhone.Build.0 = Release|Any CPU
		{DBEAA4B7-0775-4775-AD84-42163032A7EF}.Ad-Hoc|iPhoneSimulator.ActiveCfg = Release|Any CPU
		{DBEAA4B7-0775-4775-AD84-42163032A7EF}.Ad-Hoc|iPhoneSimulator.Build.0 = Release|Any CPU
		{DBEAA4B7-0775-4775-AD84-42163032A7EF}.Ad-Hoc|x64.ActiveCfg = Release|Any CPU
		{DBEAA4B7-0775-4775-AD84-42163032A7EF}.Ad-Hoc|x64.Build.0 = Release|Any CPU
		{DBEAA4B7-0775-4775-AD84-42163032A7EF}.Ad-Hoc|x86.ActiveCfg = Release|Any CPU
		{DBEAA4B7-0775-4775-AD84-42163032A7EF}.Ad-Hoc|x86.Build.0 = Release|Any CPU
		{DBEAA4B7-0775-4775-AD84-42163032A7EF}.AppStore|Any CPU.ActiveCfg = Release|Any CPU
		{DBEAA4B7-0775-4775-AD84-42163032A7EF}.AppStore|Any CPU.Build.0 = Release|Any CPU
		{DBEAA4B7-0775-4775-AD84-42163032A7EF}.AppStore|ARM.ActiveCfg = Release|Any CPU
		{DBEAA4B7-0775-4775-AD84-42163032A7EF}.AppStore|ARM.Build.0 = Release|Any CPU
		{DBEAA4B7-0775-4775-AD84-42163032A7EF}.AppStore|iPhone.ActiveCfg = Release|Any CPU
		{DBEAA4B7-0775-4775-AD84-42163032A7EF}.AppStore|iPhone.Build.0 = Release|Any CPU
		{DBEAA4B7-0775-4775-AD84-42163032A7EF}.AppStore|iPhoneSimulator.ActiveCfg = Release|Any CPU
		{DBEAA4B7-0775-4775-AD84-42163032A7EF}.AppStore|iPhoneSimulator.Build.0 = Release|Any CPU
		{DBEAA4B7-0775-4775-AD84-42163032A7EF}.AppStore|x64.ActiveCfg = Release|Any CPU
		{DBEAA4B7-0775-4775-AD84-42163032A7EF}.AppStore|x64.Build.0 = Release|Any CPU
		{DBEAA4B7-0775-4775-AD84-42163032A7EF}.AppStore|x86.ActiveCfg = Release|Any CPU
		{DBEAA4B7-0775-4775-AD84-42163032A7EF}.AppStore|x86.Build.0 = Release|Any CPU
		{DBEAA4B7-0775-4775-AD84-42163032A7EF}.Debug|Any CPU.ActiveCfg = Debug|Any CPU
		{DBEAA4B7-0775-4775-AD84-42163032A7EF}.Debug|Any CPU.Build.0 = Debug|Any CPU
		{DBEAA4B7-0775-4775-AD84-42163032A7EF}.Debug|ARM.ActiveCfg = Debug|Any CPU
		{DBEAA4B7-0775-4775-AD84-42163032A7EF}.Debug|ARM.Build.0 = Debug|Any CPU
		{DBEAA4B7-0775-4775-AD84-42163032A7EF}.Debug|iPhone.ActiveCfg = Debug|Any CPU
		{DBEAA4B7-0775-4775-AD84-42163032A7EF}.Debug|iPhone.Build.0 = Debug|Any CPU
		{DBEAA4B7-0775-4775-AD84-42163032A7EF}.Debug|iPhoneSimulator.ActiveCfg = Debug|Any CPU
		{DBEAA4B7-0775-4775-AD84-42163032A7EF}.Debug|iPhoneSimulator.Build.0 = Debug|Any CPU
		{DBEAA4B7-0775-4775-AD84-42163032A7EF}.Debug|x64.ActiveCfg = Debug|Any CPU
		{DBEAA4B7-0775-4775-AD84-42163032A7EF}.Debug|x64.Build.0 = Debug|Any CPU
		{DBEAA4B7-0775-4775-AD84-42163032A7EF}.Debug|x86.ActiveCfg = Debug|Any CPU
		{DBEAA4B7-0775-4775-AD84-42163032A7EF}.Debug|x86.Build.0 = Debug|Any CPU
		{DBEAA4B7-0775-4775-AD84-42163032A7EF}.Release|Any CPU.ActiveCfg = Release|Any CPU
		{DBEAA4B7-0775-4775-AD84-42163032A7EF}.Release|Any CPU.Build.0 = Release|Any CPU
		{DBEAA4B7-0775-4775-AD84-42163032A7EF}.Release|ARM.ActiveCfg = Release|Any CPU
		{DBEAA4B7-0775-4775-AD84-42163032A7EF}.Release|ARM.Build.0 = Release|Any CPU
		{DBEAA4B7-0775-4775-AD84-42163032A7EF}.Release|iPhone.ActiveCfg = Release|Any CPU
		{DBEAA4B7-0775-4775-AD84-42163032A7EF}.Release|iPhone.Build.0 = Release|Any CPU
		{DBEAA4B7-0775-4775-AD84-42163032A7EF}.Release|iPhoneSimulator.ActiveCfg = Release|Any CPU
		{DBEAA4B7-0775-4775-AD84-42163032A7EF}.Release|iPhoneSimulator.Build.0 = Release|Any CPU
		{DBEAA4B7-0775-4775-AD84-42163032A7EF}.Release|x64.ActiveCfg = Release|Any CPU
		{DBEAA4B7-0775-4775-AD84-42163032A7EF}.Release|x64.Build.0 = Release|Any CPU
		{DBEAA4B7-0775-4775-AD84-42163032A7EF}.Release|x86.ActiveCfg = Release|Any CPU
		{DBEAA4B7-0775-4775-AD84-42163032A7EF}.Release|x86.Build.0 = Release|Any CPU
		{F0D10771-314C-44A5-9B56-F2DA170C67A1}.Ad-Hoc|Any CPU.ActiveCfg = Release|x86
		{F0D10771-314C-44A5-9B56-F2DA170C67A1}.Ad-Hoc|Any CPU.Build.0 = Release|x86
		{F0D10771-314C-44A5-9B56-F2DA170C67A1}.Ad-Hoc|Any CPU.Deploy.0 = Release|x86
		{F0D10771-314C-44A5-9B56-F2DA170C67A1}.Ad-Hoc|ARM.ActiveCfg = Release|ARM
		{F0D10771-314C-44A5-9B56-F2DA170C67A1}.Ad-Hoc|ARM.Build.0 = Release|ARM
		{F0D10771-314C-44A5-9B56-F2DA170C67A1}.Ad-Hoc|ARM.Deploy.0 = Release|ARM
		{F0D10771-314C-44A5-9B56-F2DA170C67A1}.Ad-Hoc|iPhone.ActiveCfg = Release|x86
		{F0D10771-314C-44A5-9B56-F2DA170C67A1}.Ad-Hoc|iPhone.Build.0 = Release|x86
		{F0D10771-314C-44A5-9B56-F2DA170C67A1}.Ad-Hoc|iPhone.Deploy.0 = Release|x86
		{F0D10771-314C-44A5-9B56-F2DA170C67A1}.Ad-Hoc|iPhoneSimulator.ActiveCfg = Release|x86
		{F0D10771-314C-44A5-9B56-F2DA170C67A1}.Ad-Hoc|iPhoneSimulator.Build.0 = Release|x86
		{F0D10771-314C-44A5-9B56-F2DA170C67A1}.Ad-Hoc|iPhoneSimulator.Deploy.0 = Release|x86
		{F0D10771-314C-44A5-9B56-F2DA170C67A1}.Ad-Hoc|x64.ActiveCfg = Release|x64
		{F0D10771-314C-44A5-9B56-F2DA170C67A1}.Ad-Hoc|x64.Build.0 = Release|x64
		{F0D10771-314C-44A5-9B56-F2DA170C67A1}.Ad-Hoc|x64.Deploy.0 = Release|x64
		{F0D10771-314C-44A5-9B56-F2DA170C67A1}.Ad-Hoc|x86.ActiveCfg = Release|x86
		{F0D10771-314C-44A5-9B56-F2DA170C67A1}.Ad-Hoc|x86.Build.0 = Release|x86
		{F0D10771-314C-44A5-9B56-F2DA170C67A1}.Ad-Hoc|x86.Deploy.0 = Release|x86
		{F0D10771-314C-44A5-9B56-F2DA170C67A1}.AppStore|Any CPU.ActiveCfg = Release|x86
		{F0D10771-314C-44A5-9B56-F2DA170C67A1}.AppStore|Any CPU.Build.0 = Release|x86
		{F0D10771-314C-44A5-9B56-F2DA170C67A1}.AppStore|Any CPU.Deploy.0 = Release|x86
		{F0D10771-314C-44A5-9B56-F2DA170C67A1}.AppStore|ARM.ActiveCfg = Release|ARM
		{F0D10771-314C-44A5-9B56-F2DA170C67A1}.AppStore|ARM.Build.0 = Release|ARM
		{F0D10771-314C-44A5-9B56-F2DA170C67A1}.AppStore|ARM.Deploy.0 = Release|ARM
		{F0D10771-314C-44A5-9B56-F2DA170C67A1}.AppStore|iPhone.ActiveCfg = Release|x86
		{F0D10771-314C-44A5-9B56-F2DA170C67A1}.AppStore|iPhone.Build.0 = Release|x86
		{F0D10771-314C-44A5-9B56-F2DA170C67A1}.AppStore|iPhone.Deploy.0 = Release|x86
		{F0D10771-314C-44A5-9B56-F2DA170C67A1}.AppStore|iPhoneSimulator.ActiveCfg = Release|x86
		{F0D10771-314C-44A5-9B56-F2DA170C67A1}.AppStore|iPhoneSimulator.Build.0 = Release|x86
		{F0D10771-314C-44A5-9B56-F2DA170C67A1}.AppStore|iPhoneSimulator.Deploy.0 = Release|x86
		{F0D10771-314C-44A5-9B56-F2DA170C67A1}.AppStore|x64.ActiveCfg = Release|x64
		{F0D10771-314C-44A5-9B56-F2DA170C67A1}.AppStore|x64.Build.0 = Release|x64
		{F0D10771-314C-44A5-9B56-F2DA170C67A1}.AppStore|x64.Deploy.0 = Release|x64
		{F0D10771-314C-44A5-9B56-F2DA170C67A1}.AppStore|x86.ActiveCfg = Release|x86
		{F0D10771-314C-44A5-9B56-F2DA170C67A1}.AppStore|x86.Build.0 = Release|x86
		{F0D10771-314C-44A5-9B56-F2DA170C67A1}.AppStore|x86.Deploy.0 = Release|x86
		{F0D10771-314C-44A5-9B56-F2DA170C67A1}.Debug|Any CPU.ActiveCfg = Debug|x86
		{F0D10771-314C-44A5-9B56-F2DA170C67A1}.Debug|ARM.ActiveCfg = Debug|ARM
		{F0D10771-314C-44A5-9B56-F2DA170C67A1}.Debug|ARM.Build.0 = Debug|ARM
		{F0D10771-314C-44A5-9B56-F2DA170C67A1}.Debug|ARM.Deploy.0 = Debug|ARM
		{F0D10771-314C-44A5-9B56-F2DA170C67A1}.Debug|iPhone.ActiveCfg = Debug|x86
		{F0D10771-314C-44A5-9B56-F2DA170C67A1}.Debug|iPhoneSimulator.ActiveCfg = Debug|x86
		{F0D10771-314C-44A5-9B56-F2DA170C67A1}.Debug|x64.ActiveCfg = Debug|x64
		{F0D10771-314C-44A5-9B56-F2DA170C67A1}.Debug|x64.Build.0 = Debug|x64
		{F0D10771-314C-44A5-9B56-F2DA170C67A1}.Debug|x64.Deploy.0 = Debug|x64
		{F0D10771-314C-44A5-9B56-F2DA170C67A1}.Debug|x86.ActiveCfg = Debug|x86
		{F0D10771-314C-44A5-9B56-F2DA170C67A1}.Debug|x86.Build.0 = Debug|x86
		{F0D10771-314C-44A5-9B56-F2DA170C67A1}.Debug|x86.Deploy.0 = Debug|x86
		{F0D10771-314C-44A5-9B56-F2DA170C67A1}.Release|Any CPU.ActiveCfg = Release|x86
		{F0D10771-314C-44A5-9B56-F2DA170C67A1}.Release|ARM.ActiveCfg = Release|ARM
		{F0D10771-314C-44A5-9B56-F2DA170C67A1}.Release|ARM.Build.0 = Release|ARM
		{F0D10771-314C-44A5-9B56-F2DA170C67A1}.Release|ARM.Deploy.0 = Release|ARM
		{F0D10771-314C-44A5-9B56-F2DA170C67A1}.Release|iPhone.ActiveCfg = Release|x86
		{F0D10771-314C-44A5-9B56-F2DA170C67A1}.Release|iPhoneSimulator.ActiveCfg = Release|x86
		{F0D10771-314C-44A5-9B56-F2DA170C67A1}.Release|x64.ActiveCfg = Release|x64
		{F0D10771-314C-44A5-9B56-F2DA170C67A1}.Release|x64.Build.0 = Release|x64
		{F0D10771-314C-44A5-9B56-F2DA170C67A1}.Release|x64.Deploy.0 = Release|x64
		{F0D10771-314C-44A5-9B56-F2DA170C67A1}.Release|x86.ActiveCfg = Release|x86
		{F0D10771-314C-44A5-9B56-F2DA170C67A1}.Release|x86.Build.0 = Release|x86
		{F0D10771-314C-44A5-9B56-F2DA170C67A1}.Release|x86.Deploy.0 = Release|x86
		{C034E76D-7E49-485E-BCA8-30BD0107C031}.Ad-Hoc|Any CPU.ActiveCfg = Ad-Hoc|iPhone
		{C034E76D-7E49-485E-BCA8-30BD0107C031}.Ad-Hoc|ARM.ActiveCfg = Ad-Hoc|iPhone
		{C034E76D-7E49-485E-BCA8-30BD0107C031}.Ad-Hoc|iPhone.ActiveCfg = Ad-Hoc|iPhone
		{C034E76D-7E49-485E-BCA8-30BD0107C031}.Ad-Hoc|iPhone.Build.0 = Ad-Hoc|iPhone
		{C034E76D-7E49-485E-BCA8-30BD0107C031}.Ad-Hoc|iPhoneSimulator.ActiveCfg = Ad-Hoc|iPhoneSimulator
		{C034E76D-7E49-485E-BCA8-30BD0107C031}.Ad-Hoc|iPhoneSimulator.Build.0 = Ad-Hoc|iPhoneSimulator
		{C034E76D-7E49-485E-BCA8-30BD0107C031}.Ad-Hoc|x64.ActiveCfg = Ad-Hoc|iPhone
		{C034E76D-7E49-485E-BCA8-30BD0107C031}.Ad-Hoc|x86.ActiveCfg = Ad-Hoc|iPhone
		{C034E76D-7E49-485E-BCA8-30BD0107C031}.AppStore|Any CPU.ActiveCfg = AppStore|iPhone
		{C034E76D-7E49-485E-BCA8-30BD0107C031}.AppStore|ARM.ActiveCfg = AppStore|iPhone
		{C034E76D-7E49-485E-BCA8-30BD0107C031}.AppStore|iPhone.ActiveCfg = AppStore|iPhone
		{C034E76D-7E49-485E-BCA8-30BD0107C031}.AppStore|iPhone.Build.0 = AppStore|iPhone
		{C034E76D-7E49-485E-BCA8-30BD0107C031}.AppStore|iPhoneSimulator.ActiveCfg = AppStore|iPhoneSimulator
		{C034E76D-7E49-485E-BCA8-30BD0107C031}.AppStore|iPhoneSimulator.Build.0 = AppStore|iPhoneSimulator
		{C034E76D-7E49-485E-BCA8-30BD0107C031}.AppStore|x64.ActiveCfg = AppStore|iPhone
		{C034E76D-7E49-485E-BCA8-30BD0107C031}.AppStore|x86.ActiveCfg = AppStore|iPhone
		{C034E76D-7E49-485E-BCA8-30BD0107C031}.Debug|Any CPU.ActiveCfg = Debug|iPhone
		{C034E76D-7E49-485E-BCA8-30BD0107C031}.Debug|ARM.ActiveCfg = Debug|iPhone
		{C034E76D-7E49-485E-BCA8-30BD0107C031}.Debug|iPhone.ActiveCfg = Debug|iPhone
		{C034E76D-7E49-485E-BCA8-30BD0107C031}.Debug|iPhone.Build.0 = Debug|iPhone
		{C034E76D-7E49-485E-BCA8-30BD0107C031}.Debug|iPhoneSimulator.ActiveCfg = Debug|iPhoneSimulator
		{C034E76D-7E49-485E-BCA8-30BD0107C031}.Debug|iPhoneSimulator.Build.0 = Debug|iPhoneSimulator
		{C034E76D-7E49-485E-BCA8-30BD0107C031}.Debug|x64.ActiveCfg = Debug|iPhone
		{C034E76D-7E49-485E-BCA8-30BD0107C031}.Debug|x86.ActiveCfg = Debug|iPhone
		{C034E76D-7E49-485E-BCA8-30BD0107C031}.Release|Any CPU.ActiveCfg = Release|iPhone
		{C034E76D-7E49-485E-BCA8-30BD0107C031}.Release|ARM.ActiveCfg = Release|iPhone
		{C034E76D-7E49-485E-BCA8-30BD0107C031}.Release|iPhone.ActiveCfg = Release|iPhone
		{C034E76D-7E49-485E-BCA8-30BD0107C031}.Release|iPhone.Build.0 = Release|iPhone
		{C034E76D-7E49-485E-BCA8-30BD0107C031}.Release|iPhoneSimulator.ActiveCfg = Release|iPhoneSimulator
		{C034E76D-7E49-485E-BCA8-30BD0107C031}.Release|iPhoneSimulator.Build.0 = Release|iPhoneSimulator
		{C034E76D-7E49-485E-BCA8-30BD0107C031}.Release|x64.ActiveCfg = Release|iPhone
		{C034E76D-7E49-485E-BCA8-30BD0107C031}.Release|x86.ActiveCfg = Release|iPhone
	EndGlobalSection
	GlobalSection(SolutionProperties) = preSolution
		HideSolutionNode = FALSE
	EndGlobalSection
EndGlobal
